// !$*UTF8*$!
{
	archiveVersion = 1;
	classes = {
	};
	objectVersion = 46;
	objects = {

/* Begin PBXBuildFile section */
		3164C59C167759760006D79F /* RootViewController.m in Sources */ = {isa = PBXBuildFile; fileRef = 3164C59B167759760006D79F /* RootViewController.m */; };
		3164C5A2167761140006D79F /* Default-568h@2x.png in Resources */ = {isa = PBXBuildFile; fileRef = 3164C5A1167761140006D79F /* Default-568h@2x.png */; };
		31C599851312C39E00F6601D /* UIKit.framework in Frameworks */ = {isa = PBXBuildFile; fileRef = 31C599841312C39E00F6601D /* UIKit.framework */; };
		31C599871312C39E00F6601D /* Foundation.framework in Frameworks */ = {isa = PBXBuildFile; fileRef = 31C599861312C39E00F6601D /* Foundation.framework */; };
		31C599891312C39E00F6601D /* CoreGraphics.framework in Frameworks */ = {isa = PBXBuildFile; fileRef = 31C599881312C39E00F6601D /* CoreGraphics.framework */; };
		31C599921312C39E00F6601D /* main.m in Sources */ = {isa = PBXBuildFile; fileRef = 31C599911312C39E00F6601D /* main.m */; };
		31C599951312C39E00F6601D /* UrlShortenerAppDelegate.m in Sources */ = {isa = PBXBuildFile; fileRef = 31C599941312C39E00F6601D /* UrlShortenerAppDelegate.m */; };
		31C599981312C39E00F6601D /* MainWindow.xib in Resources */ = {isa = PBXBuildFile; fileRef = 31C599961312C39E00F6601D /* MainWindow.xib */; };
		31C599A81312C40500F6601D /* UrlShortener.m in Sources */ = {isa = PBXBuildFile; fileRef = 31C599A71312C40500F6601D /* UrlShortener.m */; };
/* End PBXBuildFile section */

/* Begin PBXFileReference section */
		3164C59A167759760006D79F /* RootViewController.h */ = {isa = PBXFileReference; fileEncoding = 4; lastKnownFileType = sourcecode.c.h; path = RootViewController.h; sourceTree = "<group>"; };
		3164C59B167759760006D79F /* RootViewController.m */ = {isa = PBXFileReference; fileEncoding = 4; lastKnownFileType = sourcecode.c.objc; path = RootViewController.m; sourceTree = "<group>"; };
		3164C5A1167761140006D79F /* Default-568h@2x.png */ = {isa = PBXFileReference; lastKnownFileType = image.png; path = "Default-568h@2x.png"; sourceTree = "<group>"; };
		31C599801312C39E00F6601D /* UrlShortener.app */ = {isa = PBXFileReference; explicitFileType = wrapper.application; includeInIndex = 0; path = UrlShortener.app; sourceTree = BUILT_PRODUCTS_DIR; };
		31C599841312C39E00F6601D /* UIKit.framework */ = {isa = PBXFileReference; lastKnownFileType = wrapper.framework; name = UIKit.framework; path = System/Library/Frameworks/UIKit.framework; sourceTree = SDKROOT; };
		31C599861312C39E00F6601D /* Foundation.framework */ = {isa = PBXFileReference; lastKnownFileType = wrapper.framework; name = Foundation.framework; path = System/Library/Frameworks/Foundation.framework; sourceTree = SDKROOT; };
		31C599881312C39E00F6601D /* CoreGraphics.framework */ = {isa = PBXFileReference; lastKnownFileType = wrapper.framework; name = CoreGraphics.framework; path = System/Library/Frameworks/CoreGraphics.framework; sourceTree = SDKROOT; };
		31C5998C1312C39E00F6601D /* UrlShortener-Info.plist */ = {isa = PBXFileReference; lastKnownFileType = text.plist.xml; path = "UrlShortener-Info.plist"; sourceTree = "<group>"; };
		31C599901312C39E00F6601D /* UrlShortener-Prefix.pch */ = {isa = PBXFileReference; lastKnownFileType = sourcecode.c.h; path = "UrlShortener-Prefix.pch"; sourceTree = "<group>"; };
		31C599911312C39E00F6601D /* main.m */ = {isa = PBXFileReference; lastKnownFileType = sourcecode.c.objc; path = main.m; sourceTree = "<group>"; };
		31C599931312C39E00F6601D /* UrlShortenerAppDelegate.h */ = {isa = PBXFileReference; lastKnownFileType = sourcecode.c.h; path = UrlShortenerAppDelegate.h; sourceTree = "<group>"; };
		31C599941312C39E00F6601D /* UrlShortenerAppDelegate.m */ = {isa = PBXFileReference; lastKnownFileType = sourcecode.c.objc; path = UrlShortenerAppDelegate.m; sourceTree = "<group>"; };
		31C599971312C39E00F6601D /* en */ = {isa = PBXFileReference; lastKnownFileType = file.xib; name = en; path = en.lproj/MainWindow.xib; sourceTree = "<group>"; };
		31C599A61312C40500F6601D /* UrlShortener.h */ = {isa = PBXFileReference; fileEncoding = 4; lastKnownFileType = sourcecode.c.h; name = UrlShortener.h; path = UrlShortener/UrlShortener.h; sourceTree = "<group>"; };
		31C599A71312C40500F6601D /* UrlShortener.m */ = {isa = PBXFileReference; fileEncoding = 4; lastKnownFileType = sourcecode.c.objc; name = UrlShortener.m; path = UrlShortener/UrlShortener.m; sourceTree = "<group>"; };
/* End PBXFileReference section */

/* Begin PBXFrameworksBuildPhase section */
		31C5997D1312C39E00F6601D /* Frameworks */ = {
			isa = PBXFrameworksBuildPhase;
			buildActionMask = 2147483647;
			files = (
				31C599851312C39E00F6601D /* UIKit.framework in Frameworks */,
				31C599871312C39E00F6601D /* Foundation.framework in Frameworks */,
				31C599891312C39E00F6601D /* CoreGraphics.framework in Frameworks */,
			);
			runOnlyForDeploymentPostprocessing = 0;
		};
/* End PBXFrameworksBuildPhase section */

/* Begin PBXGroup section */
		3164C59E16775B550006D79F /* UrlShortener */ = {
			isa = PBXGroup;
			children = (
				31C599A61312C40500F6601D /* UrlShortener.h */,
				31C599A71312C40500F6601D /* UrlShortener.m */,
			);
			name = UrlShortener;
			sourceTree = "<group>";
		};
		31C599751312C39E00F6601D = {
			isa = PBXGroup;
			children = (
				3164C59E16775B550006D79F /* UrlShortener */,
				31C5998A1312C39E00F6601D /* UrlShortenerSample */,
				31C5998B1312C39E00F6601D /* Supporting Files */,
				31C599831312C39E00F6601D /* Frameworks */,
				31C599811312C39E00F6601D /* Products */,
			);
			sourceTree = "<group>";
		};
		31C599811312C39E00F6601D /* Products */ = {
			isa = PBXGroup;
			children = (
				31C599801312C39E00F6601D /* UrlShortener.app */,
			);
			name = Products;
			sourceTree = "<group>";
		};
		31C599831312C39E00F6601D /* Frameworks */ = {
			isa = PBXGroup;
			children = (
				31C599841312C39E00F6601D /* UIKit.framework */,
				31C599861312C39E00F6601D /* Foundation.framework */,
				31C599881312C39E00F6601D /* CoreGraphics.framework */,
			);
			name = Frameworks;
			sourceTree = "<group>";
		};
		31C5998A1312C39E00F6601D /* UrlShortenerSample */ = {
			isa = PBXGroup;
			children = (
				3164C59A167759760006D79F /* RootViewController.h */,
				3164C59B167759760006D79F /* RootViewController.m */,
				31C599931312C39E00F6601D /* UrlShortenerAppDelegate.h */,
				31C599941312C39E00F6601D /* UrlShortenerAppDelegate.m */,
				31C599961312C39E00F6601D /* MainWindow.xib */,
			);
			name = UrlShortenerSample;
			path = UrlShortener;
			sourceTree = "<group>";
		};
		31C5998B1312C39E00F6601D /* Supporting Files */ = {
			isa = PBXGroup;
			children = (
				3164C5A1167761140006D79F /* Default-568h@2x.png */,
				31C5998C1312C39E00F6601D /* UrlShortener-Info.plist */,
				31C599901312C39E00F6601D /* UrlShortener-Prefix.pch */,
				31C599911312C39E00F6601D /* main.m */,
			);
			name = "Supporting Files";
			path = UrlShortener;
			sourceTree = "<group>";
		};
/* End PBXGroup section */

/* Begin PBXNativeTarget section */
		31C5997F1312C39E00F6601D /* UrlShortener */ = {
			isa = PBXNativeTarget;
			buildConfigurationList = 31C5999B1312C39E00F6601D /* Build configuration list for PBXNativeTarget "UrlShortener" */;
			buildPhases = (
				31C5997C1312C39E00F6601D /* Sources */,
				31C5997D1312C39E00F6601D /* Frameworks */,
				31C5997E1312C39E00F6601D /* Resources */,
			);
			buildRules = (
			);
			dependencies = (
			);
			name = UrlShortener;
			productName = UrlShortener;
			productReference = 31C599801312C39E00F6601D /* UrlShortener.app */;
			productType = "com.apple.product-type.application";
		};
/* End PBXNativeTarget section */

/* Begin PBXProject section */
		31C599771312C39E00F6601D /* Project object */ = {
			isa = PBXProject;
			attributes = {
				LastUpgradeCheck = 0420;
			};
			buildConfigurationList = 31C5997A1312C39E00F6601D /* Build configuration list for PBXProject "UrlShortener" */;
			compatibilityVersion = "Xcode 3.2";
			developmentRegion = English;
			hasScannedForEncodings = 0;
			knownRegions = (
				en,
			);
			mainGroup = 31C599751312C39E00F6601D;
			productRefGroup = 31C599811312C39E00F6601D /* Products */;
			projectDirPath = "";
			projectRoot = "";
			targets = (
				31C5997F1312C39E00F6601D /* UrlShortener */,
			);
		};
/* End PBXProject section */

/* Begin PBXResourcesBuildPhase section */
		31C5997E1312C39E00F6601D /* Resources */ = {
			isa = PBXResourcesBuildPhase;
			buildActionMask = 2147483647;
			files = (
				31C599981312C39E00F6601D /* MainWindow.xib in Resources */,
				3164C5A2167761140006D79F /* Default-568h@2x.png in Resources */,
			);
			runOnlyForDeploymentPostprocessing = 0;
		};
/* End PBXResourcesBuildPhase section */

/* Begin PBXSourcesBuildPhase section */
		31C5997C1312C39E00F6601D /* Sources */ = {
			isa = PBXSourcesBuildPhase;
			buildActionMask = 2147483647;
			files = (
				31C599921312C39E00F6601D /* main.m in Sources */,
				31C599951312C39E00F6601D /* UrlShortenerAppDelegate.m in Sources */,
				31C599A81312C40500F6601D /* UrlShortener.m in Sources */,
				3164C59C167759760006D79F /* RootViewController.m in Sources */,
			);
			runOnlyForDeploymentPostprocessing = 0;
		};
/* End PBXSourcesBuildPhase section */

/* Begin PBXVariantGroup section */
		31C599961312C39E00F6601D /* MainWindow.xib */ = {
			isa = PBXVariantGroup;
			children = (
				31C599971312C39E00F6601D /* en */,
			);
			name = MainWindow.xib;
			sourceTree = "<group>";
		};
/* End PBXVariantGroup section */

/* Begin XCBuildConfiguration section */
		31C599991312C39E00F6601D /* Debug */ = {
			isa = XCBuildConfiguration;
			buildSettings = {
				ARCHS = "$(ARCHS_STANDARD_32_BIT)";
				"CODE_SIGN_IDENTITY[sdk=iphoneos*]" = "Don't Code Sign";
				GCC_C_LANGUAGE_STANDARD = gnu99;
				GCC_OPTIMIZATION_LEVEL = 0;
				GCC_PREPROCESSOR_DEFINITIONS = DEBUG;
				GCC_VERSION = "";
				GCC_WARN_ABOUT_RETURN_TYPE = YES;
				GCC_WARN_UNUSED_VARIABLE = YES;
				IPHONEOS_DEPLOYMENT_TARGET = 5.0;
				"PROVISIONING_PROFILE[sdk=iphoneos*]" = "";
				SDKROOT = iphoneos;
			};
			name = Debug;
		};
		31C5999A1312C39E00F6601D /* Release */ = {
			isa = XCBuildConfiguration;
			buildSettings = {
				ARCHS = "$(ARCHS_STANDARD_32_BIT)";
				"CODE_SIGN_IDENTITY[sdk=iphoneos*]" = "Don't Code Sign";
				GCC_C_LANGUAGE_STANDARD = gnu99;
				GCC_VERSION = "";
				GCC_WARN_ABOUT_RETURN_TYPE = YES;
				GCC_WARN_UNUSED_VARIABLE = YES;
				IPHONEOS_DEPLOYMENT_TARGET = 5.0;
				OTHER_CFLAGS = "-DNS_BLOCK_ASSERTIONS=1";
				"PROVISIONING_PROFILE[sdk=iphoneos*]" = "";
				SDKROOT = iphoneos;
			};
			name = Release;
		};
		31C5999C1312C39E00F6601D /* Debug */ = {
			isa = XCBuildConfiguration;
			buildSettings = {
				ALWAYS_SEARCH_USER_PATHS = NO;
				CLANG_ENABLE_OBJC_ARC = YES;
				COPY_PHASE_STRIP = NO;
				GCC_DYNAMIC_NO_PIC = NO;
				GCC_PRECOMPILE_PREFIX_HEADER = YES;
				GCC_PREFIX_HEADER = "UrlShortener/UrlShortener-Prefix.pch";
				GCC_VERSION = "";
				INFOPLIST_FILE = "UrlShortener/UrlShortener-Info.plist";
				INSTALL_PATH = "$(LOCAL_APPS_DIR)";
				IPHONEOS_DEPLOYMENT_TARGET = 5.0;
				PRODUCT_NAME = "$(TARGET_NAME)";
				WRAPPER_EXTENSION = app;
			};
			name = Debug;
		};
		31C5999D1312C39E00F6601D /* Release */ = {
			isa = XCBuildConfiguration;
			buildSettings = {
				ALWAYS_SEARCH_USER_PATHS = NO;
				CLANG_ENABLE_OBJC_ARC = YES;
				COPY_PHASE_STRIP = YES;
				GCC_PRECOMPILE_PREFIX_HEADER = YES;
				GCC_PREFIX_HEADER = "UrlShortener/UrlShortener-Prefix.pch";
				GCC_VERSION = "";
				INFOPLIST_FILE = "UrlShortener/UrlShortener-Info.plist";
				INSTALL_PATH = "$(LOCAL_APPS_DIR)";
				IPHONEOS_DEPLOYMENT_TARGET = 5.0;
				PRODUCT_NAME = "$(TARGET_NAME)";
				VALIDATE_PRODUCT = YES;
				WRAPPER_EXTENSION = app;
			};
			name = Release;
		};
/* End XCBuildConfiguration section */

/* Begin XCConfigurationList section */
		31C5997A1312C39E00F6601D /* Build configuration list for PBXProject "UrlShortener" */ = {
			isa = XCConfigurationList;
			buildConfigurations = (
				31C599991312C39E00F6601D /* Debug */,
				31C5999A1312C39E00F6601D /* Release */,
			);
			defaultConfigurationIsVisible = 0;
			defaultConfigurationName = Release;
		};
		31C5999B1312C39E00F6601D /* Build configuration list for PBXNativeTarget "UrlShortener" */ = {
			isa = XCConfigurationList;
			buildConfigurations = (
				31C5999C1312C39E00F6601D /* Debug */,
				31C5999D1312C39E00F6601D /* Release */,
			);
			defaultConfigurationIsVisible = 0;
			defaultConfigurationName = Release;
		};
/* End XCConfigurationList section */
	};
	rootObject = 31C599771312C39E00F6601D /* Project object */;
}
